
Microsoft Visual Studio Solution File, Format Version 12.00
# Visual Studio Version 17
VisualStudioVersion = 17.5.33516.290
MinimumVisualStudioVersion = 10.0.40219.1
Project("{2150E333-8FDC-42A3-9474-1A3956D46DE8}") = "ApiConsume", "ApiConsume", "{2740D2BF-4FDA-41FB-96DE-C00DCFF7981B}"
EndProject
Project("{2150E333-8FDC-42A3-9474-1A3956D46DE8}") = "Frontend", "Frontend", "{1B7F3858-6218-403D-8312-0E260507E78E}"
EndProject
Project("{9A19103F-16F7-4668-BE54-9A1E7A4F7556}") = "Hotel.EntityLayer", "ApiConsume\Hotel.EntityLayer\Hotel.EntityLayer.csproj", "{EE187961-A981-4419-A898-74338BA503DA}"
EndProject
Project("{9A19103F-16F7-4668-BE54-9A1E7A4F7556}") = "Hotel.DataAccessLayer", "ApiConsume\Hotel.DataAccessLayer\Hotel.DataAccessLayer.csproj", "{DDD2C038-10F7-4BE6-BFF4-577547B640A8}"
EndProject
Project("{9A19103F-16F7-4668-BE54-9A1E7A4F7556}") = "Hotel.BusinessLayer", "ApiConsume\Hotel.BusinessLayer\Hotel.BusinessLayer.csproj", "{780FF599-3B51-4B90-8EDD-9FDCCFBB0B0C}"
EndProject
Project("{9A19103F-16F7-4668-BE54-9A1E7A4F7556}") = "Hotel.DtoLayer", "ApiConsume\Hotel.DtoLayer\Hotel.DtoLayer.csproj", "{45F21158-CFDB-4F04-94BB-1772C0376B1D}"
EndProject
Project("{9A19103F-16F7-4668-BE54-9A1E7A4F7556}") = "Hotel.WebUI", "Frontend\Hotel.WebUI\Hotel.WebUI.csproj", "{32D96335-0462-43E0-B02F-9B6D65FDCB85}"
EndProject
Project("{9A19103F-16F7-4668-BE54-9A1E7A4F7556}") = "Hotel.Api", "Hotel.Api\Hotel.Api.csproj", "{2CF0A94B-8485-48DD-9975-C734C50FBD48}"
EndProject
Global
	GlobalSection(SolutionConfigurationPlatforms) = preSolution
		Debug|Any CPU = Debug|Any CPU
		Release|Any CPU = Release|Any CPU
	EndGlobalSection
	GlobalSection(ProjectConfigurationPlatforms) = postSolution
		{EE187961-A981-4419-A898-74338BA503DA}.Debug|Any CPU.ActiveCfg = Debug|Any CPU
		{EE187961-A981-4419-A898-74338BA503DA}.Debug|Any CPU.Build.0 = Debug|Any CPU
		{EE187961-A981-4419-A898-74338BA503DA}.Release|Any CPU.ActiveCfg = Release|Any CPU
		{EE187961-A981-4419-A898-74338BA503DA}.Release|Any CPU.Build.0 = Release|Any CPU
		{DDD2C038-10F7-4BE6-BFF4-577547B640A8}.Debug|Any CPU.ActiveCfg = Debug|Any CPU
		{DDD2C038-10F7-4BE6-BFF4-577547B640A8}.Debug|Any CPU.Build.0 = Debug|Any CPU
		{DDD2C038-10F7-4BE6-BFF4-577547B640A8}.Release|Any CPU.ActiveCfg = Release|Any CPU
		{DDD2C038-10F7-4BE6-BFF4-577547B640A8}.Release|Any CPU.Build.0 = Release|Any CPU
		{780FF599-3B51-4B90-8EDD-9FDCCFBB0B0C}.Debug|Any CPU.ActiveCfg = Debug|Any CPU
		{780FF599-3B51-4B90-8EDD-9FDCCFBB0B0C}.Debug|Any CPU.Build.0 = Debug|Any CPU
		{780FF599-3B51-4B90-8EDD-9FDCCFBB0B0C}.Release|Any CPU.ActiveCfg = Release|Any CPU
		{780FF599-3B51-4B90-8EDD-9FDCCFBB0B0C}.Release|Any CPU.Build.0 = Release|Any CPU
		{45F21158-CFDB-4F04-94BB-1772C0376B1D}.Debug|Any CPU.ActiveCfg = Debug|Any CPU
		{45F21158-CFDB-4F04-94BB-1772C0376B1D}.Debug|Any CPU.Build.0 = Debug|Any CPU
		{45F21158-CFDB-4F04-94BB-1772C0376B1D}.Release|Any CPU.ActiveCfg = Release|Any CPU
		{45F21158-CFDB-4F04-94BB-1772C0376B1D}.Release|Any CPU.Build.0 = Release|Any CPU
		{32D96335-0462-43E0-B02F-9B6D65FDCB85}.Debug|Any CPU.ActiveCfg = Debug|Any CPU
		{32D96335-0462-43E0-B02F-9B6D65FDCB85}.Debug|Any CPU.Build.0 = Debug|Any CPU
		{32D96335-0462-43E0-B02F-9B6D65FDCB85}.Release|Any CPU.ActiveCfg = Release|Any CPU
		{32D96335-0462-43E0-B02F-9B6D65FDCB85}.Release|Any CPU.Build.0 = Release|Any CPU
		{2CF0A94B-8485-48DD-9975-C734C50FBD48}.Debug|Any CPU.ActiveCfg = Debug|Any CPU
		{2CF0A94B-8485-48DD-9975-C734C50FBD48}.Debug|Any CPU.Build.0 = Debug|Any CPU
		{2CF0A94B-8485-48DD-9975-C734C50FBD48}.Release|Any CPU.ActiveCfg = Release|Any CPU
		{2CF0A94B-8485-48DD-9975-C734C50FBD48}.Release|Any CPU.Build.0 = Release|Any CPU
	EndGlobalSection
	GlobalSection(SolutionProperties) = preSolution
		HideSolutionNode = FALSE
	EndGlobalSection
	GlobalSection(NestedProjects) = preSolution
		{EE187961-A981-4419-A898-74338BA503DA} = {2740D2BF-4FDA-41FB-96DE-C00DCFF7981B}
		{DDD2C038-10F7-4BE6-BFF4-577547B640A8} = {2740D2BF-4FDA-41FB-96DE-C00DCFF7981B}
		{780FF599-3B51-4B90-8EDD-9FDCCFBB0B0C} = {2740D2BF-4FDA-41FB-96DE-C00DCFF7981B}
		{45F21158-CFDB-4F04-94BB-1772C0376B1D} = {2740D2BF-4FDA-41FB-96DE-C00DCFF7981B}
		{32D96335-0462-43E0-B02F-9B6D65FDCB85} = {1B7F3858-6218-403D-8312-0E260507E78E}
		{2CF0A94B-8485-48DD-9975-C734C50FBD48} = {2740D2BF-4FDA-41FB-96DE-C00DCFF7981B}
	EndGlobalSection
	GlobalSection(ExtensibilityGlobals) = postSolution
		SolutionGuid = {1472AC92-7455-4532-8FA6-EF869B9A35DA}
	EndGlobalSection
EndGlobal
